// !$*UTF8*$!
{
	archiveVersion = 1;
	classes = {
	};
	objectVersion = 45;
	objects = {

/* Begin PBXAggregateTarget section */
		3A01B3A010604CF400B34F2F /* Distribution */ = {
			isa = PBXAggregateTarget;
			buildConfigurationList = 3A01B3B110604CF700B34F2F /* Build configuration list for PBXAggregateTarget "Distribution" */;
			buildPhases = (
				3A01B39F10604CF400B34F2F /* ShellScript */,
			);
			dependencies = (
				3A01B3B31060506A00B34F2F /* PBXTargetDependency */,
			);
			name = Distribution;
			productName = Distribution;
		};
/* End PBXAggregateTarget section */

/* Begin PBXBuildFile section */
		3A01B39910604A2100B34F2F /* dsa_pub.pem in Resources */ = {isa = PBXBuildFile; fileRef = 3A01B39810604A2100B34F2F /* dsa_pub.pem */; };
		3A105538105D264D00E1DFE2 /* CUManagerApp.m in Sources */ = {isa = PBXBuildFile; fileRef = 3A105537105D264D00E1DFE2 /* CUManagerApp.m */; };
		3A114E93105D3E1C00921886 /* CUImageView.m in Sources */ = {isa = PBXBuildFile; fileRef = 3A114E92105D3E1C00921886 /* CUImageView.m */; };
		3A114ED7105D474300921886 /* Template.app in Resources */ = {isa = PBXBuildFile; fileRef = 8D1107320486CEB800E47090 /* Template.app */; };
		3A114F53105D600100921886 /* IconFamily.m in Sources */ = {isa = PBXBuildFile; fileRef = 3A114F4F105D600100921886 /* IconFamily.m */; };
		3A114F54105D600100921886 /* NSString+CarbonFSRefCreation.m in Sources */ = {isa = PBXBuildFile; fileRef = 3A114F51105D600100921886 /* NSString+CarbonFSRefCreation.m */; };
		3A114F63105D610B00921886 /* Carbon.framework in Frameworks */ = {isa = PBXBuildFile; fileRef = 3A114F62105D610B00921886 /* Carbon.framework */; };
		3A114F7B105D763500921886 /* main.js in Resources */ = {isa = PBXBuildFile; fileRef = 3A114F75105D760300921886 /* main.js */; };
		3A114FB5105D7CEA00921886 /* CUWindow.m in Sources */ = {isa = PBXBuildFile; fileRef = 3A114FB4105D7CEA00921886 /* CUWindow.m */; };
		3A114FB8105D81BA00921886 /* CUApp.m in Sources */ = {isa = PBXBuildFile; fileRef = 3A114FB7105D81BA00921886 /* CUApp.m */; };
		3A115153105DB08200921886 /* NSString+CUAdditions.m in Sources */ = {isa = PBXBuildFile; fileRef = 3A115152105DB08200921886 /* NSString+CUAdditions.m */; };
		3A115248105DC6DC00921886 /* NSDictionary+CUAdditions.m in Sources */ = {isa = PBXBuildFile; fileRef = 3A115247105DC6DC00921886 /* NSDictionary+CUAdditions.m */; };
		3A1183D4105D25750058B542 /* main.m in Sources */ = {isa = PBXBuildFile; fileRef = 3A1183D0105D25750058B542 /* main.m */; };
		3A1BFA771051654B00FE3E7D /* NSWindow+EVJS.m in Sources */ = {isa = PBXBuildFile; fileRef = 3A1BFA761051654B00FE3E7D /* NSWindow+EVJS.m */; };
		3A1BFB0810516BCD00FE3E7D /* NSDictionary+EVJS.m in Sources */ = {isa = PBXBuildFile; fileRef = 3A1BFB0710516BCD00FE3E7D /* NSDictionary+EVJS.m */; };
		3A1BFB231051BD0800FE3E7D /* EVRect.m in Sources */ = {isa = PBXBuildFile; fileRef = 3A1BFB221051BD0800FE3E7D /* EVRect.m */; };
		3A1BFB6C1051BF9B00FE3E7D /* EVPoint.m in Sources */ = {isa = PBXBuildFile; fileRef = 3A1BFB6B1051BF9B00FE3E7D /* EVPoint.m */; };
		3A1BFB771051C06C00FE3E7D /* EVSize.m in Sources */ = {isa = PBXBuildFile; fileRef = 3A1BFB761051C06C00FE3E7D /* EVSize.m */; };
		3A4BC26E1051CF9A0080A8E5 /* jquery.js in Resources */ = {isa = PBXBuildFile; fileRef = 3A4BC26A1051CF6F0080A8E5 /* jquery.js */; };
		3A4BEF0D1051095800534481 /* EVApp.m in Sources */ = {isa = PBXBuildFile; fileRef = 3A4BEF0C1051095800534481 /* EVApp.m */; };
		3A4BEF3C10510E0700534481 /* WebKit.framework in Frameworks */ = {isa = PBXBuildFile; fileRef = 3A4BEF3B10510E0700534481 /* WebKit.framework */; };
		3A4BEF4D1051100100534481 /* index.html in Resources */ = {isa = PBXBuildFile; fileRef = 3A4BEF4C1051100100534481 /* index.html */; };
		3A4BEF8410513E6400534481 /* EVWebView.m in Sources */ = {isa = PBXBuildFile; fileRef = 3A4BEF8310513E6400534481 /* EVWebView.m */; };
		3A5DB2411062A60300B5F45F /* WebFrame+CUJS.m in Sources */ = {isa = PBXBuildFile; fileRef = 3A5DB2401062A60300B5F45F /* WebFrame+CUJS.m */; };
		3A6A0B4C105D17590035640D /* Cocoa.framework in Frameworks */ = {isa = PBXBuildFile; fileRef = 1058C7A1FEA54F0111CA2CBB /* Cocoa.framework */; };
		3A6A0B6F105D183A0035640D /* MainMenu.xib in Resources */ = {isa = PBXBuildFile; fileRef = 3A6A0B6D105D183A0035640D /* MainMenu.xib */; };
		3A7B4C13105EE0E30097B5D5 /* Sparkle.framework in Frameworks */ = {isa = PBXBuildFile; fileRef = 3A7B4C11105EE0E30097B5D5 /* Sparkle.framework */; };
		3A7B4C2D105EE13D0097B5D5 /* Sparkle.framework in Copy frameworks */ = {isa = PBXBuildFile; fileRef = 3A7B4C11105EE0E30097B5D5 /* Sparkle.framework */; };
		3A7B4C31105EE19E0097B5D5 /* main.xib in Resources */ = {isa = PBXBuildFile; fileRef = 3A1183D1105D25750058B542 /* main.xib */; };
		3AEE4417105E943500E89C47 /* CUWin.m in Sources */ = {isa = PBXBuildFile; fileRef = 3AEE4416105E943500E89C47 /* CUWin.m */; };
		3AEE44F0105EADA300E89C47 /* jsbridge.m in Sources */ = {isa = PBXBuildFile; fileRef = 3AEE44EF105EADA300E89C47 /* jsbridge.m */; };
		3AF3B962105BEA1100B3CBCC /* default.css in Resources */ = {isa = PBXBuildFile; fileRef = 3AF3B961105BEA1100B3CBCC /* default.css */; };
		3AF3B9CD105BF88700B3CBCC /* NSApplication+EVJS.m in Sources */ = {isa = PBXBuildFile; fileRef = 3AF3B9CC105BF88700B3CBCC /* NSApplication+EVJS.m */; };
		3AF3B9E5105BFA4D00B3CBCC /* NSMutableDictionary+EVJS.m in Sources */ = {isa = PBXBuildFile; fileRef = 3AF3B9E4105BFA4D00B3CBCC /* NSMutableDictionary+EVJS.m */; };
		3AF3BB17105C0C6200B3CBCC /* JavaScriptCore.framework in Frameworks */ = {isa = PBXBuildFile; fileRef = 3AF3BB16105C0C6200B3CBCC /* JavaScriptCore.framework */; };
		3AF3BB2E105C20F600B3CBCC /* WebScriptObject+EVJS.m in Sources */ = {isa = PBXBuildFile; fileRef = 3AF3BB2D105C20F600B3CBCC /* WebScriptObject+EVJS.m */; };
		3AF3BB55105C27F700B3CBCC /* NSUserDefaults+EVJS.m in Sources */ = {isa = PBXBuildFile; fileRef = 3AF3BB54105C27F700B3CBCC /* NSUserDefaults+EVJS.m */; };
		3AF3BB5A105C2AAB00B3CBCC /* NSUserDefaultsController+EVJS.m in Sources */ = {isa = PBXBuildFile; fileRef = 3AF3BB59105C2AAB00B3CBCC /* NSUserDefaultsController+EVJS.m */; };
		8D11072D0486CEB800E47090 /* main.m in Sources */ = {isa = PBXBuildFile; fileRef = 29B97316FDCFA39411CA2CEA /* main.m */; settings = {ATTRIBUTES = (); }; };
		8D11072F0486CEB800E47090 /* Cocoa.framework in Frameworks */ = {isa = PBXBuildFile; fileRef = 1058C7A1FEA54F0111CA2CBB /* Cocoa.framework */; };
/* End PBXBuildFile section */

/* Begin PBXContainerItemProxy section */
		3A01B3B21060506A00B34F2F /* PBXContainerItemProxy */ = {
			isa = PBXContainerItemProxy;
			containerPortal = 29B97313FDCFA39411CA2CEA /* Project object */;
			proxyType = 1;
			remoteGlobalIDString = 3A6A0B35105D17590035640D;
			remoteInfo = Cocui;
		};
		3A114ED8105D474A00921886 /* PBXContainerItemProxy */ = {
			isa = PBXContainerItemProxy;
			containerPortal = 29B97313FDCFA39411CA2CEA /* Project object */;
			proxyType = 1;
			remoteGlobalIDString = 8D1107260486CEB800E47090;
			remoteInfo = Template;
		};
/* End PBXContainerItemProxy section */

/* Begin PBXCopyFilesBuildPhase section */
		3A7B4C30105EE1430097B5D5 /* Copy frameworks */ = {
			isa = PBXCopyFilesBuildPhase;
			buildActionMask = 2147483647;
			dstPath = "";
			dstSubfolderSpec = 10;
			files = (
				3A7B4C2D105EE13D0097B5D5 /* Sparkle.framework in Copy frameworks */,
			);
			name = "Copy frameworks";
			runOnlyForDeploymentPostprocessing = 0;
		};
/* End PBXCopyFilesBuildPhase section */

/* Begin PBXFileReference section */
		1058C7A1FEA54F0111CA2CBB /* Cocoa.framework */ = {isa = PBXFileReference; lastKnownFileType = wrapper.framework; name = Cocoa.framework; path = /System/Library/Frameworks/Cocoa.framework; sourceTree = "<absolute>"; };
		13E42FB307B3F0F600E4EEF1 /* CoreData.framework */ = {isa = PBXFileReference; lastKnownFileType = wrapper.framework; name = CoreData.framework; path = /System/Library/Frameworks/CoreData.framework; sourceTree = "<absolute>"; };
		29B97316FDCFA39411CA2CEA /* main.m */ = {isa = PBXFileReference; fileEncoding = 4; lastKnownFileType = sourcecode.c.objc; name = main.m; path = src/main.m; sourceTree = "<group>"; };
		29B97324FDCFA39411CA2CEA /* AppKit.framework */ = {isa = PBXFileReference; lastKnownFileType = wrapper.framework; name = AppKit.framework; path = /System/Library/Frameworks/AppKit.framework; sourceTree = "<absolute>"; };
		29B97325FDCFA39411CA2CEA /* Foundation.framework */ = {isa = PBXFileReference; lastKnownFileType = wrapper.framework; name = Foundation.framework; path = /System/Library/Frameworks/Foundation.framework; sourceTree = "<absolute>"; };
		32CA4F630368D1EE00C91783 /* prefix.pch */ = {isa = PBXFileReference; fileEncoding = 4; lastKnownFileType = sourcecode.c.h; name = prefix.pch; path = src/prefix.pch; sourceTree = "<group>"; };
		3A01B39810604A2100B34F2F /* dsa_pub.pem */ = {isa = PBXFileReference; fileEncoding = 4; lastKnownFileType = text; path = dsa_pub.pem; sourceTree = "<group>"; };
		3A105536105D264D00E1DFE2 /* CUManagerApp.h */ = {isa = PBXFileReference; fileEncoding = 4; lastKnownFileType = sourcecode.c.h; path = CUManagerApp.h; sourceTree = "<group>"; };
		3A105537105D264D00E1DFE2 /* CUManagerApp.m */ = {isa = PBXFileReference; fileEncoding = 4; lastKnownFileType = sourcecode.c.objc; path = CUManagerApp.m; sourceTree = "<group>"; };
		3A114E91105D3E1C00921886 /* CUImageView.h */ = {isa = PBXFileReference; fileEncoding = 4; lastKnownFileType = sourcecode.c.h; path = CUImageView.h; sourceTree = "<group>"; };
		3A114E92105D3E1C00921886 /* CUImageView.m */ = {isa = PBXFileReference; fileEncoding = 4; lastKnownFileType = sourcecode.c.objc; path = CUImageView.m; sourceTree = "<group>"; };
		3A114F4F105D600100921886 /* IconFamily.m */ = {isa = PBXFileReference; fileEncoding = 4; lastKnownFileType = sourcecode.c.objc; path = IconFamily.m; sourceTree = "<group>"; };
		3A114F50105D600100921886 /* IconFamily.h */ = {isa = PBXFileReference; fileEncoding = 4; lastKnownFileType = sourcecode.c.h; path = IconFamily.h; sourceTree = "<group>"; };
		3A114F51105D600100921886 /* NSString+CarbonFSRefCreation.m */ = {isa = PBXFileReference; fileEncoding = 4; lastKnownFileType = sourcecode.c.objc; path = "NSString+CarbonFSRefCreation.m"; sourceTree = "<group>"; };
		3A114F52105D600100921886 /* NSString+CarbonFSRefCreation.h */ = {isa = PBXFileReference; fileEncoding = 4; lastKnownFileType = sourcecode.c.h; path = "NSString+CarbonFSRefCreation.h"; sourceTree = "<group>"; };
		3A114F62105D610B00921886 /* Carbon.framework */ = {isa = PBXFileReference; lastKnownFileType = wrapper.framework; name = Carbon.framework; path = /System/Library/Frameworks/Carbon.framework; sourceTree = "<absolute>"; };
		3A114F75105D760300921886 /* main.js */ = {isa = PBXFileReference; fileEncoding = 4; lastKnownFileType = sourcecode.javascript; name = main.js; path = resources/main.js; sourceTree = "<group>"; };
		3A114FB3105D7CEA00921886 /* CUWindow.h */ = {isa = PBXFileReference; fileEncoding = 4; lastKnownFileType = sourcecode.c.h; name = CUWindow.h; path = src/CUWindow.h; sourceTree = "<group>"; };
		3A114FB4105D7CEA00921886 /* CUWindow.m */ = {isa = PBXFileReference; fileEncoding = 4; lastKnownFileType = sourcecode.c.objc; name = CUWindow.m; path = src/CUWindow.m; sourceTree = "<group>"; };
		3A114FB6105D81BA00921886 /* CUApp.h */ = {isa = PBXFileReference; fileEncoding = 4; lastKnownFileType = sourcecode.c.h; name = CUApp.h; path = src/CUApp.h; sourceTree = "<group>"; };
		3A114FB7105D81BA00921886 /* CUApp.m */ = {isa = PBXFileReference; fileEncoding = 4; lastKnownFileType = sourcecode.c.objc; name = CUApp.m; path = src/CUApp.m; sourceTree = "<group>"; };
		3A115151105DB08200921886 /* NSString+CUAdditions.h */ = {isa = PBXFileReference; fileEncoding = 4; lastKnownFileType = sourcecode.c.h; name = "NSString+CUAdditions.h"; path = "src/NSString+CUAdditions.h"; sourceTree = "<group>"; };
		3A115152105DB08200921886 /* NSString+CUAdditions.m */ = {isa = PBXFileReference; fileEncoding = 4; lastKnownFileType = sourcecode.c.objc; name = "NSString+CUAdditions.m"; path = "src/NSString+CUAdditions.m"; sourceTree = "<group>"; };
		3A115246105DC6DC00921886 /* NSDictionary+CUAdditions.h */ = {isa = PBXFileReference; fileEncoding = 4; lastKnownFileType = sourcecode.c.h; name = "NSDictionary+CUAdditions.h"; path = "src/NSDictionary+CUAdditions.h"; sourceTree = "<group>"; };
		3A115247105DC6DC00921886 /* NSDictionary+CUAdditions.m */ = {isa = PBXFileReference; fileEncoding = 4; lastKnownFileType = sourcecode.c.objc; name = "NSDictionary+CUAdditions.m"; path = "src/NSDictionary+CUAdditions.m"; sourceTree = "<group>"; };
		3A1183CF105D25750058B542 /* Info.plist */ = {isa = PBXFileReference; fileEncoding = 4; lastKnownFileType = text.plist.xml; path = Info.plist; sourceTree = "<group>"; };
		3A1183D0105D25750058B542 /* main.m */ = {isa = PBXFileReference; fileEncoding = 4; lastKnownFileType = sourcecode.c.objc; path = main.m; sourceTree = "<group>"; };
		3A1183D1105D25750058B542 /* main.xib */ = {isa = PBXFileReference; lastKnownFileType = file.xib; path = main.xib; sourceTree = "<group>"; };
		3A1183D2105D25750058B542 /* prefix.pch */ = {isa = PBXFileReference; fileEncoding = 4; lastKnownFileType = sourcecode.c.h; path = prefix.pch; sourceTree = "<group>"; };
		3A1BFA331051630C00FE3E7D /* jsbridge.h */ = {isa = PBXFileReference; fileEncoding = 4; lastKnownFileType = sourcecode.c.h; name = jsbridge.h; path = src/jsbridge/jsbridge.h; sourceTree = "<group>"; };
		3A1BFA761051654B00FE3E7D /* NSWindow+EVJS.m */ = {isa = PBXFileReference; fileEncoding = 4; lastKnownFileType = sourcecode.c.objc; name = "NSWindow+EVJS.m"; path = "src/jsbridge/NSWindow+EVJS.m"; sourceTree = "<group>"; };
		3A1BFB0710516BCD00FE3E7D /* NSDictionary+EVJS.m */ = {isa = PBXFileReference; fileEncoding = 4; lastKnownFileType = sourcecode.c.objc; name = "NSDictionary+EVJS.m"; path = "src/jsbridge/NSDictionary+EVJS.m"; sourceTree = "<group>"; };
		3A1BFB211051BD0800FE3E7D /* EVRect.h */ = {isa = PBXFileReference; fileEncoding = 4; lastKnownFileType = sourcecode.c.h; name = EVRect.h; path = src/jsbridge/EVRect.h; sourceTree = "<group>"; };
		3A1BFB221051BD0800FE3E7D /* EVRect.m */ = {isa = PBXFileReference; fileEncoding = 4; lastKnownFileType = sourcecode.c.objc; name = EVRect.m; path = src/jsbridge/EVRect.m; sourceTree = "<group>"; };
		3A1BFB6A1051BF9B00FE3E7D /* EVPoint.h */ = {isa = PBXFileReference; fileEncoding = 4; lastKnownFileType = sourcecode.c.h; name = EVPoint.h; path = src/jsbridge/EVPoint.h; sourceTree = "<group>"; };
		3A1BFB6B1051BF9B00FE3E7D /* EVPoint.m */ = {isa = PBXFileReference; fileEncoding = 4; lastKnownFileType = sourcecode.c.objc; name = EVPoint.m; path = src/jsbridge/EVPoint.m; sourceTree = "<group>"; };
		3A1BFB751051C06C00FE3E7D /* EVSize.h */ = {isa = PBXFileReference; fileEncoding = 4; lastKnownFileType = sourcecode.c.h; name = EVSize.h; path = src/jsbridge/EVSize.h; sourceTree = "<group>"; };
		3A1BFB761051C06C00FE3E7D /* EVSize.m */ = {isa = PBXFileReference; fileEncoding = 4; lastKnownFileType = sourcecode.c.objc; name = EVSize.m; path = src/jsbridge/EVSize.m; sourceTree = "<group>"; };
		3A4BC26A1051CF6F0080A8E5 /* jquery.js */ = {isa = PBXFileReference; fileEncoding = 4; lastKnownFileType = sourcecode.javascript; name = jquery.js; path = resources/jquery.js; sourceTree = "<group>"; };
		3A4BEF0B1051095800534481 /* EVApp.h */ = {isa = PBXFileReference; fileEncoding = 4; lastKnownFileType = sourcecode.c.h; name = EVApp.h; path = src/EVApp.h; sourceTree = "<group>"; };
		3A4BEF0C1051095800534481 /* EVApp.m */ = {isa = PBXFileReference; fileEncoding = 4; lastKnownFileType = sourcecode.c.objc; name = EVApp.m; path = src/EVApp.m; sourceTree = "<group>"; };
		3A4BEF3B10510E0700534481 /* WebKit.framework */ = {isa = PBXFileReference; lastKnownFileType = wrapper.framework; name = WebKit.framework; path = /System/Library/Frameworks/WebKit.framework; sourceTree = "<absolute>"; };
		3A4BEF4C1051100100534481 /* index.html */ = {isa = PBXFileReference; fileEncoding = 4; lastKnownFileType = text.html; name = index.html; path = resources/index.html; sourceTree = "<group>"; };
		3A4BEF8210513E6400534481 /* EVWebView.h */ = {isa = PBXFileReference; fileEncoding = 4; lastKnownFileType = sourcecode.c.h; name = EVWebView.h; path = src/EVWebView.h; sourceTree = "<group>"; };
		3A4BEF8310513E6400534481 /* EVWebView.m */ = {isa = PBXFileReference; fileEncoding = 4; lastKnownFileType = sourcecode.c.objc; name = EVWebView.m; path = src/EVWebView.m; sourceTree = "<group>"; };
		3A5DB2401062A60300B5F45F /* WebFrame+CUJS.m */ = {isa = PBXFileReference; fileEncoding = 4; lastKnownFileType = sourcecode.c.objc; name = "WebFrame+CUJS.m"; path = "src/jsbridge/WebFrame+CUJS.m"; sourceTree = "<group>"; };
		3A6A0B52105D17590035640D /* Cocui.app */ = {isa = PBXFileReference; explicitFileType = wrapper.application; includeInIndex = 0; path = Cocui.app; sourceTree = BUILT_PRODUCTS_DIR; };
		3A6A0B6E105D183A0035640D /* English */ = {isa = PBXFileReference; lastKnownFileType = file.xib; name = English; path = resources/English.lproj/MainMenu.xib; sourceTree = "<group>"; };
		3A7B4C11105EE0E30097B5D5 /* Sparkle.framework */ = {isa = PBXFileReference; lastKnownFileType = wrapper.framework; name = Sparkle.framework; path = frameworks/Sparkle.framework; sourceTree = "<group>"; };
		3AEE4415105E943500E89C47 /* CUWin.h */ = {isa = PBXFileReference; fileEncoding = 4; lastKnownFileType = sourcecode.c.h; name = CUWin.h; path = src/CUWin.h; sourceTree = "<group>"; };
		3AEE4416105E943500E89C47 /* CUWin.m */ = {isa = PBXFileReference; fileEncoding = 4; lastKnownFileType = sourcecode.c.objc; name = CUWin.m; path = src/CUWin.m; sourceTree = "<group>"; };
		3AEE44EF105EADA300E89C47 /* jsbridge.m */ = {isa = PBXFileReference; fileEncoding = 4; lastKnownFileType = sourcecode.c.objc; name = jsbridge.m; path = src/jsbridge/jsbridge.m; sourceTree = "<group>"; };
		3AF3B961105BEA1100B3CBCC /* default.css */ = {isa = PBXFileReference; fileEncoding = 4; lastKnownFileType = text.css; name = default.css; path = resources/default.css; sourceTree = "<group>"; };
		3AF3B9CC105BF88700B3CBCC /* NSApplication+EVJS.m */ = {isa = PBXFileReference; fileEncoding = 4; lastKnownFileType = sourcecode.c.objc; name = "NSApplication+EVJS.m"; path = "src/jsbridge/NSApplication+EVJS.m"; sourceTree = "<group>"; };
		3AF3B9E4105BFA4D00B3CBCC /* NSMutableDictionary+EVJS.m */ = {isa = PBXFileReference; fileEncoding = 4; lastKnownFileType = sourcecode.c.objc; name = "NSMutableDictionary+EVJS.m"; path = "src/jsbridge/NSMutableDictionary+EVJS.m"; sourceTree = "<group>"; };
		3AF3BB16105C0C6200B3CBCC /* JavaScriptCore.framework */ = {isa = PBXFileReference; lastKnownFileType = wrapper.framework; name = JavaScriptCore.framework; path = /System/Library/Frameworks/JavaScriptCore.framework; sourceTree = "<absolute>"; };
		3AF3BB2C105C20F600B3CBCC /* WebScriptObject+EVJS.h */ = {isa = PBXFileReference; fileEncoding = 4; lastKnownFileType = sourcecode.c.h; name = "WebScriptObject+EVJS.h"; path = "src/WebScriptObject+EVJS.h"; sourceTree = "<group>"; };
		3AF3BB2D105C20F600B3CBCC /* WebScriptObject+EVJS.m */ = {isa = PBXFileReference; fileEncoding = 4; lastKnownFileType = sourcecode.c.objc; name = "WebScriptObject+EVJS.m"; path = "src/WebScriptObject+EVJS.m"; sourceTree = "<group>"; };
		3AF3BB54105C27F700B3CBCC /* NSUserDefaults+EVJS.m */ = {isa = PBXFileReference; fileEncoding = 4; lastKnownFileType = sourcecode.c.objc; name = "NSUserDefaults+EVJS.m"; path = "src/jsbridge/NSUserDefaults+EVJS.m"; sourceTree = "<group>"; };
		3AF3BB59105C2AAB00B3CBCC /* NSUserDefaultsController+EVJS.m */ = {isa = PBXFileReference; fileEncoding = 4; lastKnownFileType = sourcecode.c.objc; name = "NSUserDefaultsController+EVJS.m"; path = "src/jsbridge/NSUserDefaultsController+EVJS.m"; sourceTree = "<group>"; };
		3AF3BBF7105C3C0D00B3CBCC /* WebInspectorWindowController.h */ = {isa = PBXFileReference; fileEncoding = 4; lastKnownFileType = sourcecode.c.h; path = WebInspectorWindowController.h; sourceTree = "<group>"; };
		3AF3BC1C105C421700B3CBCC /* FScript.framework */ = {isa = PBXFileReference; lastKnownFileType = wrapper.framework; name = FScript.framework; path = /Library/Frameworks/FScript.framework; sourceTree = "<absolute>"; };
		3AF3BC5C105C49CC00B3CBCC /* WebInspector.h */ = {isa = PBXFileReference; fileEncoding = 4; lastKnownFileType = sourcecode.c.h; path = WebInspector.h; sourceTree = "<group>"; };
		8D1107310486CEB800E47090 /* Info.plist */ = {isa = PBXFileReference; fileEncoding = 4; lastKnownFileType = text.plist.xml; name = Info.plist; path = resources/Info.plist; sourceTree = "<group>"; };
		8D1107320486CEB800E47090 /* Template.app */ = {isa = PBXFileReference; explicitFileType = wrapper.application; includeInIndex = 0; path = Template.app; sourceTree = BUILT_PRODUCTS_DIR; };
/* End PBXFileReference section */

/* Begin PBXFrameworksBuildPhase section */
		3A6A0B4B105D17590035640D /* Frameworks */ = {
			isa = PBXFrameworksBuildPhase;
			buildActionMask = 2147483647;
			files = (
				3A6A0B4C105D17590035640D /* Cocoa.framework in Frameworks */,
				3A114F63105D610B00921886 /* Carbon.framework in Frameworks */,
				3A7B4C13105EE0E30097B5D5 /* Sparkle.framework in Frameworks */,
			);
			runOnlyForDeploymentPostprocessing = 0;
		};
		8D11072E0486CEB800E47090 /* Frameworks */ = {
			isa = PBXFrameworksBuildPhase;
			buildActionMask = 2147483647;
			files = (
				8D11072F0486CEB800E47090 /* Cocoa.framework in Frameworks */,
				3A4BEF3C10510E0700534481 /* WebKit.framework in Frameworks */,
				3AF3BB17105C0C6200B3CBCC /* JavaScriptCore.framework in Frameworks */,
			);
			runOnlyForDeploymentPostprocessing = 0;
		};
/* End PBXFrameworksBuildPhase section */

/* Begin PBXGroup section */
		080E96DDFE201D6D7F000001 /* Classes */ = {
			isa = PBXGroup;
			children = (
				32CA4F630368D1EE00C91783 /* prefix.pch */,
				29B97316FDCFA39411CA2CEA /* main.m */,
				3A4BEF0B1051095800534481 /* EVApp.h */,
				3A4BEF0C1051095800534481 /* EVApp.m */,
				3A114FB6105D81BA00921886 /* CUApp.h */,
				3A114FB7105D81BA00921886 /* CUApp.m */,
				3A114FB3105D7CEA00921886 /* CUWindow.h */,
				3A114FB4105D7CEA00921886 /* CUWindow.m */,
				3AEE4415105E943500E89C47 /* CUWin.h */,
				3AEE4416105E943500E89C47 /* CUWin.m */,
				3A4BEF8210513E6400534481 /* EVWebView.h */,
				3A4BEF8310513E6400534481 /* EVWebView.m */,
				3A115151105DB08200921886 /* NSString+CUAdditions.h */,
				3A115152105DB08200921886 /* NSString+CUAdditions.m */,
				3A115246105DC6DC00921886 /* NSDictionary+CUAdditions.h */,
				3A115247105DC6DC00921886 /* NSDictionary+CUAdditions.m */,
				3AF3BB2C105C20F600B3CBCC /* WebScriptObject+EVJS.h */,
				3AF3BB2D105C20F600B3CBCC /* WebScriptObject+EVJS.m */,
				3A1BFB241051BD0F00FE3E7D /* js-bridge */,
				3AF3BBF6105C3C0D00B3CBCC /* webkit-private */,
				3A1183CE105D25750058B542 /* manager */,
			);
			name = Classes;
			sourceTree = "<group>";
		};
		1058C7A0FEA54F0111CA2CBB /* Linked Frameworks */ = {
			isa = PBXGroup;
			children = (
				3A7B4C11105EE0E30097B5D5 /* Sparkle.framework */,
				3A114F62105D610B00921886 /* Carbon.framework */,
				3AF3BB16105C0C6200B3CBCC /* JavaScriptCore.framework */,
				3A4BEF3B10510E0700534481 /* WebKit.framework */,
				1058C7A1FEA54F0111CA2CBB /* Cocoa.framework */,
			);
			name = "Linked Frameworks";
			sourceTree = "<group>";
		};
		1058C7A2FEA54F0111CA2CBB /* Other Frameworks */ = {
			isa = PBXGroup;
			children = (
				3AF3BC1C105C421700B3CBCC /* FScript.framework */,
				29B97324FDCFA39411CA2CEA /* AppKit.framework */,
				13E42FB307B3F0F600E4EEF1 /* CoreData.framework */,
				29B97325FDCFA39411CA2CEA /* Foundation.framework */,
			);
			name = "Other Frameworks";
			sourceTree = "<group>";
		};
		19C28FACFE9D520D11CA2CBB /* Products */ = {
			isa = PBXGroup;
			children = (
				8D1107320486CEB800E47090 /* Template.app */,
				3A6A0B52105D17590035640D /* Cocui.app */,
			);
			name = Products;
			sourceTree = "<group>";
		};
		29B97314FDCFA39411CA2CEA /* Events */ = {
			isa = PBXGroup;
			children = (
				080E96DDFE201D6D7F000001 /* Classes */,
				29B97317FDCFA39411CA2CEA /* Resources */,
				29B97323FDCFA39411CA2CEA /* Frameworks */,
				19C28FACFE9D520D11CA2CBB /* Products */,
			);
			name = Events;
			sourceTree = "<group>";
		};
		29B97317FDCFA39411CA2CEA /* Resources */ = {
			isa = PBXGroup;
			children = (
				3AF3B961105BEA1100B3CBCC /* default.css */,
				3A114F75105D760300921886 /* main.js */,
				3A4BEF4C1051100100534481 /* index.html */,
				3A4BC26A1051CF6F0080A8E5 /* jquery.js */,
				8D1107310486CEB800E47090 /* Info.plist */,
				3A6A0B6D105D183A0035640D /* MainMenu.xib */,
			);
			name = Resources;
			sourceTree = "<group>";
		};
		29B97323FDCFA39411CA2CEA /* Frameworks */ = {
			isa = PBXGroup;
			children = (
				1058C7A0FEA54F0111CA2CBB /* Linked Frameworks */,
				1058C7A2FEA54F0111CA2CBB /* Other Frameworks */,
			);
			name = Frameworks;
			sourceTree = "<group>";
		};
		3A1183CE105D25750058B542 /* manager */ = {
			isa = PBXGroup;
			children = (
				3A1183CF105D25750058B542 /* Info.plist */,
				3A01B39810604A2100B34F2F /* dsa_pub.pem */,
				3A1183D0105D25750058B542 /* main.m */,
				3A1183D1105D25750058B542 /* main.xib */,
				3A1183D2105D25750058B542 /* prefix.pch */,
				3A105536105D264D00E1DFE2 /* CUManagerApp.h */,
				3A105537105D264D00E1DFE2 /* CUManagerApp.m */,
				3A114E91105D3E1C00921886 /* CUImageView.h */,
				3A114E92105D3E1C00921886 /* CUImageView.m */,
				3A114F50105D600100921886 /* IconFamily.h */,
				3A114F4F105D600100921886 /* IconFamily.m */,
				3A114F52105D600100921886 /* NSString+CarbonFSRefCreation.h */,
				3A114F51105D600100921886 /* NSString+CarbonFSRefCreation.m */,
			);
			path = manager;
			sourceTree = "<group>";
		};
		3A1BFB241051BD0F00FE3E7D /* js-bridge */ = {
			isa = PBXGroup;
			children = (
				3A1BFA331051630C00FE3E7D /* jsbridge.h */,
				3AEE44EF105EADA300E89C47 /* jsbridge.m */,
				3AF3B9CC105BF88700B3CBCC /* NSApplication+EVJS.m */,
				3A1BFA761051654B00FE3E7D /* NSWindow+EVJS.m */,
				3A1BFB0710516BCD00FE3E7D /* NSDictionary+EVJS.m */,
				3AF3B9E4105BFA4D00B3CBCC /* NSMutableDictionary+EVJS.m */,
				3AF3BB54105C27F700B3CBCC /* NSUserDefaults+EVJS.m */,
				3AF3BB59105C2AAB00B3CBCC /* NSUserDefaultsController+EVJS.m */,
				3A5DB2401062A60300B5F45F /* WebFrame+CUJS.m */,
				3A1BFB6A1051BF9B00FE3E7D /* EVPoint.h */,
				3A1BFB6B1051BF9B00FE3E7D /* EVPoint.m */,
				3A1BFB751051C06C00FE3E7D /* EVSize.h */,
				3A1BFB761051C06C00FE3E7D /* EVSize.m */,
				3A1BFB211051BD0800FE3E7D /* EVRect.h */,
				3A1BFB221051BD0800FE3E7D /* EVRect.m */,
			);
			name = "js-bridge";
			sourceTree = "<group>";
		};
		3AF3BBF6105C3C0D00B3CBCC /* webkit-private */ = {
			isa = PBXGroup;
			children = (
				3AF3BC5C105C49CC00B3CBCC /* WebInspector.h */,
				3AF3BBF7105C3C0D00B3CBCC /* WebInspectorWindowController.h */,
			);
			name = "webkit-private";
			path = "src/webkit-private";
			sourceTree = "<group>";
		};
/* End PBXGroup section */

/* Begin PBXNativeTarget section */
		3A6A0B35105D17590035640D /* Cocui */ = {
			isa = PBXNativeTarget;
			buildConfigurationList = 3A6A0B4F105D17590035640D /* Build configuration list for PBXNativeTarget "Cocui" */;
			buildPhases = (
				3A6A0B36105D17590035640D /* Resources */,
				3A6A0B3C105D17590035640D /* Sources */,
				3A6A0B4B105D17590035640D /* Frameworks */,
				3A7B4C30105EE1430097B5D5 /* Copy frameworks */,
			);
			buildRules = (
			);
			dependencies = (
				3A114ED9105D474A00921886 /* PBXTargetDependency */,
			);
			name = Cocui;
			productInstallPath = "$(HOME)/Applications";
			productName = Events;
			productReference = 3A6A0B52105D17590035640D /* Cocui.app */;
			productType = "com.apple.product-type.application";
		};
		8D1107260486CEB800E47090 /* Template */ = {
			isa = PBXNativeTarget;
			buildConfigurationList = C01FCF4A08A954540054247B /* Build configuration list for PBXNativeTarget "Template" */;
			buildPhases = (
				8D1107290486CEB800E47090 /* Resources */,
				8D11072C0486CEB800E47090 /* Sources */,
				8D11072E0486CEB800E47090 /* Frameworks */,
			);
			buildRules = (
			);
			dependencies = (
			);
			name = Template;
			productInstallPath = "$(HOME)/Applications";
			productName = Events;
			productReference = 8D1107320486CEB800E47090 /* Template.app */;
			productType = "com.apple.product-type.application";
		};
/* End PBXNativeTarget section */

/* Begin PBXProject section */
		29B97313FDCFA39411CA2CEA /* Project object */ = {
			isa = PBXProject;
			buildConfigurationList = C01FCF4E08A954540054247B /* Build configuration list for PBXProject "cocui" */;
			compatibilityVersion = "Xcode 3.1";
			hasScannedForEncodings = 1;
			mainGroup = 29B97314FDCFA39411CA2CEA /* Events */;
			projectDirPath = "";
			projectRoot = "";
			targets = (
				8D1107260486CEB800E47090 /* Template */,
				3A6A0B35105D17590035640D /* Cocui */,
				3A01B3A010604CF400B34F2F /* Distribution */,
			);
		};
/* End PBXProject section */

/* Begin PBXResourcesBuildPhase section */
		3A6A0B36105D17590035640D /* Resources */ = {
			isa = PBXResourcesBuildPhase;
			buildActionMask = 2147483647;
			files = (
				3A7B4C31105EE19E0097B5D5 /* main.xib in Resources */,
				3A114ED7105D474300921886 /* Template.app in Resources */,
				3A01B39910604A2100B34F2F /* dsa_pub.pem in Resources */,
			);
			runOnlyForDeploymentPostprocessing = 0;
		};
		8D1107290486CEB800E47090 /* Resources */ = {
			isa = PBXResourcesBuildPhase;
			buildActionMask = 2147483647;
			files = (
				3A4BC26E1051CF9A0080A8E5 /* jquery.js in Resources */,
				3A114F7B105D763500921886 /* main.js in Resources */,
				3A4BEF4D1051100100534481 /* index.html in Resources */,
				3AF3B962105BEA1100B3CBCC /* default.css in Resources */,
				3A6A0B6F105D183A0035640D /* MainMenu.xib in Resources */,
			);
			runOnlyForDeploymentPostprocessing = 0;
		};
/* End PBXResourcesBuildPhase section */

/* Begin PBXShellScriptBuildPhase section */
		3A01B39F10604CF400B34F2F /* ShellScript */ = {
			isa = PBXShellScriptBuildPhase;
			buildActionMask = 12;
			files = (
			);
			inputPaths = (
			);
			outputPaths = (
			);
			runOnlyForDeploymentPostprocessing = 0;
			shellPath = /bin/bash;
			shellScript = "set -o errexit\n\n[ $BUILD_STYLE = Release ] || { echo Distribution target requires \"'Release'\" build style; false; }\n\nVERSION=$(defaults read \"$BUILT_PRODUCTS_DIR/$PROJECT_NAME.app/Contents/Info\" CFBundleVersion)\nDOWNLOAD_BASE_URL=\"http://hunch.se/cocui/dist\"\nRELEASENOTES_URL=\"http://hunch.se/cocui/release-notes.html#version-$VERSION\"\n\nARCHIVE_FILENAME=\"$PROJECT_NAME-$VERSION.zip\"\nDOWNLOAD_URL=\"$DOWNLOAD_BASE_URL/$ARCHIVE_FILENAME\"\nKEYCHAIN_PRIVKEY_NAME=\"Cocui release signing key (private)\"\n\nWD=$PWD\ncd \"$BUILT_PRODUCTS_DIR\"\nrm -f \"$PROJECT_NAME\"*.zip\nditto -ck --keepParent \"$PROJECT_NAME.app\" \"$ARCHIVE_FILENAME\"\n\nSIZE=$(stat -f %z \"$ARCHIVE_FILENAME\")\nPUBDATE=$(date +\"%a, %d %b %G %T %z\")\nSIGNATURE=$(\n\topenssl dgst -sha1 -binary < \"$ARCHIVE_FILENAME\" \\\n\t| openssl dgst -dss1 -sign <(security find-generic-password -g -s \"$KEYCHAIN_PRIVKEY_NAME\" 2>&1 1>/dev/null | perl -pe '($_) = /\"(.+)\"/; s/\\\\012/\\n/g') \\\n\t| openssl enc -base64\n)\n\n# For OS X >=10.6:\n#SIGNATURE=$(\n#\topenssl dgst -sha1 -binary < \"$ARCHIVE_FILENAME\" \\\n#\t| openssl dgst -dss1 -sign <(security find-generic-password -g -s \"$KEYCHAIN_PRIVKEY_NAME\" 2>&1 1>/dev/null | perl -pe '($_) = /\"(.+)\"/; s/\\\\012/\\n/g' | perl -MXML::LibXML -e 'print XML::LibXML->new()->parse_file(\"-\")->findvalue(q(//string[preceding-sibling::key[1] = \"NOTE\"]))') \\\n#\t| openssl enc -base64\n#)\n\n[ $SIGNATURE ] || { echo Unable to load signing private key with name \"'$KEYCHAIN_PRIVKEY_NAME'\" from keychain; false; }\n\n\npython - <<EOF\nimport sys, re\nITEM = '''\n\t\t<item>\n\t\t\t<title>Version $VERSION</title>\n\t\t\t<sparkle:releaseNotesLink>$RELEASENOTES_URL</sparkle:releaseNotesLink>\n\t\t\t<pubDate>$PUBDATE</pubDate>\n\t\t\t<enclosure\n\t\t\t\turl=\"$DOWNLOAD_URL\"\n\t\t\t\tsparkle:version=\"$VERSION\"\n\t\t\t\ttype=\"application/octet-stream\"\n\t\t\t\tlength=\"$SIZE\"\n\t\t\t\tsparkle:dsaSignature=\"$SIGNATURE\"\n\t\t\t/>\n\t\t</item>\n'''\nnewver = re.findall(r'sparkle:version=\"([^\"]+)\"', ITEM)[0]\nnewsig = re.findall(r'sparkle:dsaSignature=\"([^\"]+)\"', ITEM)[0]\n\nf = open('$WD/manager/appcast.xml','r')\nAPPCAST = f.read()\nf.close()\n\nif newver in re.findall(r'sparkle:version=\"([^\"]+)\"', APPCAST):\n  print >> sys.stderr, ('Version %s is already in the appcast.xml -- you need to manually '\\\n  'remove it from the appcast.xml if this is not an error.') % newver\n  sys.exit(1)\nelif newsig in re.findall(r'sparkle:dsaSignature=\"([^\"]+)\"', APPCAST):\n  print >> sys.stderr, ('Signature %s is already in the appcast.xml -- you need to manually '\\\n  'remove it from the appcast.xml if this is not an error.') % newsig\n  sys.exit(1)\n\nAPPCAST = re.compile(r'(\\n[ \\r\\n\\t]*</channel>)', re.M).sub(ITEM.rstrip()+r'\\1', APPCAST)\nopen('$WD/manager/appcast.xml','w').write(APPCAST)\nEOF\n\npython - <<EOF\nimport sys, re\nITEM = '''\n\t\t<section id=\"version-$VERSION\">\n\t\t\t<h2>Version $VERSION</h2>\n\t\t\t<ul>\n\t\t\t\t<li>DESCRIPTION</li>\n\t\t\t</ul>\n\t\t</section>\n'''\nVERSIONRE = r'<section id=\"version-([^\"]+)\">'\nnewver = re.findall(VERSIONRE, ITEM)[0]\n\nf = open('$WD/manager/release-notes.html','r')\nHTML = f.read()\nf.close()\n\nif newver in re.findall(VERSIONRE, HTML):\n  print >> sys.stderr, ('Version %s is already in the release-notes.html -- you need to manually '\\\n  'remove it from release-notes.html if this is not an error.') % newver\n  sys.exit(1)\n\nHTML = re.compile(r'(\\n[ \\r\\n\\t]*</body>)', re.M).sub(ITEM.rstrip()+r'\\1', HTML)\nopen('$WD/manager/release-notes.html','w').write(HTML)\nEOF\n\nPATH=~/bin:$PATH # if mate is in home/bin\nmate -a \"$WD/manager/appcast.xml\" \"$WD/manager/release-notes.html\"\nmate -a <<EOF\n\n                  ------------- INSTRUCTIONS -------------\n\n1. Complete the new entry created in release-notes.html\n\n\tmate '$WD/manager/release-notes.html'\n\n2. Publish the archive, release notes and appcast -- in that order:\n\n\tscp '$BUILT_PRODUCTS_DIR/$ARCHIVE_FILENAME' hunch.se:/var/www/hunch.se/www/public/cocui/dist/\n\tscp '$WD/manager/release-notes.html' hunch.se:/var/www/hunch.se/www/public/cocui/release-notes.html\n\tscp '$WD/manager/appcast.xml' hunch.se:/var/www/hunch.se/www/public/cocui/appcast.xml\n\n3. Commit, tag and push the source\n\n\tgit ci 'Release $VERSION'\n\tgit tag -m 'Release $VERSION' 'v$VERSION'\n\tgit pu\n\nEOF\n";
		};
/* End PBXShellScriptBuildPhase section */

/* Begin PBXSourcesBuildPhase section */
		3A6A0B3C105D17590035640D /* Sources */ = {
			isa = PBXSourcesBuildPhase;
			buildActionMask = 2147483647;
			files = (
				3A1183D4105D25750058B542 /* main.m in Sources */,
				3A105538105D264D00E1DFE2 /* CUManagerApp.m in Sources */,
				3A114E93105D3E1C00921886 /* CUImageView.m in Sources */,
				3A114F53105D600100921886 /* IconFamily.m in Sources */,
				3A114F54105D600100921886 /* NSString+CarbonFSRefCreation.m in Sources */,
			);
			runOnlyForDeploymentPostprocessing = 0;
		};
		8D11072C0486CEB800E47090 /* Sources */ = {
			isa = PBXSourcesBuildPhase;
			buildActionMask = 2147483647;
			files = (
				8D11072D0486CEB800E47090 /* main.m in Sources */,
				3A4BEF0D1051095800534481 /* EVApp.m in Sources */,
				3A4BEF8410513E6400534481 /* EVWebView.m in Sources */,
				3A1BFA771051654B00FE3E7D /* NSWindow+EVJS.m in Sources */,
				3A1BFB0810516BCD00FE3E7D /* NSDictionary+EVJS.m in Sources */,
				3A1BFB231051BD0800FE3E7D /* EVRect.m in Sources */,
				3A1BFB6C1051BF9B00FE3E7D /* EVPoint.m in Sources */,
				3A1BFB771051C06C00FE3E7D /* EVSize.m in Sources */,
				3AF3B9CD105BF88700B3CBCC /* NSApplication+EVJS.m in Sources */,
				3AF3B9E5105BFA4D00B3CBCC /* NSMutableDictionary+EVJS.m in Sources */,
				3AF3BB2E105C20F600B3CBCC /* WebScriptObject+EVJS.m in Sources */,
				3AF3BB55105C27F700B3CBCC /* NSUserDefaults+EVJS.m in Sources */,
				3AF3BB5A105C2AAB00B3CBCC /* NSUserDefaultsController+EVJS.m in Sources */,
				3A114FB5105D7CEA00921886 /* CUWindow.m in Sources */,
				3A114FB8105D81BA00921886 /* CUApp.m in Sources */,
				3A115153105DB08200921886 /* NSString+CUAdditions.m in Sources */,
				3A115248105DC6DC00921886 /* NSDictionary+CUAdditions.m in Sources */,
				3AEE4417105E943500E89C47 /* CUWin.m in Sources */,
				3AEE44F0105EADA300E89C47 /* jsbridge.m in Sources */,
				3A5DB2411062A60300B5F45F /* WebFrame+CUJS.m in Sources */,
			);
			runOnlyForDeploymentPostprocessing = 0;
		};
/* End PBXSourcesBuildPhase section */

/* Begin PBXTargetDependency section */
		3A01B3B31060506A00B34F2F /* PBXTargetDependency */ = {
			isa = PBXTargetDependency;
			target = 3A6A0B35105D17590035640D /* Cocui */;
			targetProxy = 3A01B3B21060506A00B34F2F /* PBXContainerItemProxy */;
		};
		3A114ED9105D474A00921886 /* PBXTargetDependency */ = {
			isa = PBXTargetDependency;
			target = 8D1107260486CEB800E47090 /* Template */;
			targetProxy = 3A114ED8105D474A00921886 /* PBXContainerItemProxy */;
		};
/* End PBXTargetDependency section */

/* Begin PBXVariantGroup section */
		3A6A0B6D105D183A0035640D /* MainMenu.xib */ = {
			isa = PBXVariantGroup;
			children = (
				3A6A0B6E105D183A0035640D /* English */,
			);
			name = MainMenu.xib;
			sourceTree = "<group>";
		};
/* End PBXVariantGroup section */

/* Begin XCBuildConfiguration section */
		3A01B3A110604CF500B34F2F /* Debug */ = {
			isa = XCBuildConfiguration;
			buildSettings = {
				COPY_PHASE_STRIP = NO;
				GCC_DYNAMIC_NO_PIC = NO;
				GCC_OPTIMIZATION_LEVEL = 0;
				PRODUCT_NAME = Distribution;
			};
			name = Debug;
		};
		3A01B3A210604CF500B34F2F /* Release */ = {
			isa = XCBuildConfiguration;
			buildSettings = {
				COPY_PHASE_STRIP = YES;
				DEBUG_INFORMATION_FORMAT = "dwarf-with-dsym";
				GCC_ENABLE_FIX_AND_CONTINUE = NO;
				PRODUCT_NAME = Distribution;
				ZERO_LINK = NO;
			};
			name = Release;
		};
		3A6A0B50105D17590035640D /* Debug */ = {
			isa = XCBuildConfiguration;
			buildSettings = {
				ALWAYS_SEARCH_USER_PATHS = NO;
				COPY_PHASE_STRIP = NO;
				FRAMEWORK_SEARCH_PATHS = (
					"$(inherited)",
					"\\\"$(SYSTEM_LIBRARY_DIR)/Frameworks/WebKit.framework/Versions/A/Frameworks\\\"",
					"\"$(SRCROOT)/frameworks\"",
				);
				GCC_DYNAMIC_NO_PIC = NO;
				GCC_ENABLE_FIX_AND_CONTINUE = YES;
				GCC_ENABLE_OBJC_GC = required;
				GCC_MODEL_TUNING = G5;
				GCC_OPTIMIZATION_LEVEL = 0;
				GCC_PRECOMPILE_PREFIX_HEADER = YES;
				GCC_PREFIX_HEADER = manager/prefix.pch;
				GCC_PREPROCESSOR_DEFINITIONS = "DEBUG=2";
				GCC_VERSION = com.apple.compilers.llvmgcc42;
				INFOPLIST_FILE = manager/Info.plist;
				INSTALL_PATH = "$(HOME)/Applications";
				PRODUCT_NAME = Cocui;
			};
			name = Debug;
		};
		3A6A0B51105D17590035640D /* Release */ = {
			isa = XCBuildConfiguration;
			buildSettings = {
				ALWAYS_SEARCH_USER_PATHS = NO;
				DEBUG_INFORMATION_FORMAT = "dwarf-with-dsym";
				FRAMEWORK_SEARCH_PATHS = (
					"$(inherited)",
					"\\\"$(SYSTEM_LIBRARY_DIR)/Frameworks/WebKit.framework/Versions/A/Frameworks\\\"",
					"\"$(SRCROOT)/frameworks\"",
				);
				GCC_ENABLE_OBJC_GC = required;
				GCC_MODEL_TUNING = G5;
				GCC_PRECOMPILE_PREFIX_HEADER = YES;
				GCC_PREFIX_HEADER = manager/prefix.pch;
				GCC_VERSION = com.apple.compilers.llvmgcc42;
				INFOPLIST_FILE = manager/Info.plist;
				INSTALL_PATH = "$(HOME)/Applications";
				PRODUCT_NAME = Cocui;
			};
			name = Release;
		};
		C01FCF4B08A954540054247B /* Debug */ = {
			isa = XCBuildConfiguration;
			buildSettings = {
				ALWAYS_SEARCH_USER_PATHS = NO;
				COPY_PHASE_STRIP = NO;
				FRAMEWORK_SEARCH_PATHS = (
					"$(inherited)",
					"\"$(SYSTEM_LIBRARY_DIR)/Frameworks/WebKit.framework/Versions/A/Frameworks\"",
					"\"$(SRCROOT)/frameworks\"",
				);
				GCC_DYNAMIC_NO_PIC = NO;
				GCC_ENABLE_FIX_AND_CONTINUE = YES;
				GCC_ENABLE_OBJC_GC = required;
				GCC_MODEL_TUNING = G5;
				GCC_OPTIMIZATION_LEVEL = 0;
				GCC_PRECOMPILE_PREFIX_HEADER = YES;
				GCC_PREFIX_HEADER = src/prefix.pch;
				GCC_PREPROCESSOR_DEFINITIONS = "DEBUG=2";
				GCC_VERSION = com.apple.compilers.llvmgcc42;
				INFOPLIST_FILE = resources/Info.plist;
				INSTALL_PATH = "$(HOME)/Applications";
				PRODUCT_NAME = Template;
			};
			name = Debug;
		};
		C01FCF4C08A954540054247B /* Release */ = {
			isa = XCBuildConfiguration;
			buildSettings = {
				ALWAYS_SEARCH_USER_PATHS = NO;
				DEBUG_INFORMATION_FORMAT = "dwarf-with-dsym";
				FRAMEWORK_SEARCH_PATHS = (
					"$(inherited)",
					"\"$(SYSTEM_LIBRARY_DIR)/Frameworks/WebKit.framework/Versions/A/Frameworks\"",
					"\"$(SRCROOT)/frameworks\"",
				);
				GCC_ENABLE_OBJC_GC = required;
				GCC_MODEL_TUNING = G5;
				GCC_PRECOMPILE_PREFIX_HEADER = YES;
				GCC_PREFIX_HEADER = src/prefix.pch;
				GCC_VERSION = com.apple.compilers.llvmgcc42;
				INFOPLIST_FILE = resources/Info.plist;
				INSTALL_PATH = "$(HOME)/Applications";
				PRODUCT_NAME = Template;
			};
			name = Release;
		};
		C01FCF4F08A954540054247B /* Debug */ = {
			isa = XCBuildConfiguration;
			buildSettings = {
				ARCHS = "$(ARCHS_STANDARD_32_BIT)";
				GCC_C_LANGUAGE_STANDARD = c99;
				GCC_OPTIMIZATION_LEVEL = 0;
				GCC_WARN_ABOUT_RETURN_TYPE = YES;
				GCC_WARN_UNUSED_VARIABLE = YES;
				ONLY_ACTIVE_ARCH = YES;
				PREBINDING = NO;
				SDKROOT = macosx10.5;
			};
			name = Debug;
		};
		C01FCF5008A954540054247B /* Release */ = {
			isa = XCBuildConfiguration;
			buildSettings = {
				ARCHS = "$(ARCHS_STANDARD_32_BIT)";
				GCC_C_LANGUAGE_STANDARD = c99;
				GCC_WARN_ABOUT_RETURN_TYPE = YES;
				GCC_WARN_UNUSED_VARIABLE = YES;
				PREBINDING = NO;
				SDKROOT = macosx10.5;
			};
			name = Release;
		};
/* End XCBuildConfiguration section */

/* Begin XCConfigurationList section */
		3A01B3B110604CF700B34F2F /* Build configuration list for PBXAggregateTarget "Distribution" */ = {
			isa = XCConfigurationList;
			buildConfigurations = (
				3A01B3A110604CF500B34F2F /* Debug */,
				3A01B3A210604CF500B34F2F /* Release */,
			);
			defaultConfigurationIsVisible = 0;
			defaultConfigurationName = Release;
		};
		3A6A0B4F105D17590035640D /* Build configuration list for PBXNativeTarget "Cocui" */ = {
			isa = XCConfigurationList;
			buildConfigurations = (
				3A6A0B50105D17590035640D /* Debug */,
				3A6A0B51105D17590035640D /* Release */,
			);
			defaultConfigurationIsVisible = 0;
			defaultConfigurationName = Release;
		};
		C01FCF4A08A954540054247B /* Build configuration list for PBXNativeTarget "Template" */ = {
			isa = XCConfigurationList;
			buildConfigurations = (
				C01FCF4B08A954540054247B /* Debug */,
				C01FCF4C08A954540054247B /* Release */,
			);
			defaultConfigurationIsVisible = 0;
			defaultConfigurationName = Release;
		};
		C01FCF4E08A954540054247B /* Build configuration list for PBXProject "cocui" */ = {
			isa = XCConfigurationList;
			buildConfigurations = (
				C01FCF4F08A954540054247B /* Debug */,
				C01FCF5008A954540054247B /* Release */,
			);
			defaultConfigurationIsVisible = 0;
			defaultConfigurationName = Release;
		};
/* End XCConfigurationList section */
	};
	rootObject = 29B97313FDCFA39411CA2CEA /* Project object */;
}
