// !$*UTF8*$!
{
	archiveVersion = 1;
	classes = {
	};
	objectVersion = 45;
	objects = {

/* Begin PBXBuildFile section */
		1DDD58160DA1D0A300B32029 /* MainMenu.xib in Resources */ = {isa = PBXBuildFile; fileRef = 1DDD58140DA1D0A300B32029 /* MainMenu.xib */; };
		3A1BFA771051654B00FE3E7D /* NSWindow+EVJS.m in Sources */ = {isa = PBXBuildFile; fileRef = 3A1BFA761051654B00FE3E7D /* NSWindow+EVJS.m */; };
		3A1BFB0810516BCD00FE3E7D /* NSDictionary+EVJS.m in Sources */ = {isa = PBXBuildFile; fileRef = 3A1BFB0710516BCD00FE3E7D /* NSDictionary+EVJS.m */; };
		3A1BFB231051BD0800FE3E7D /* EVRect.m in Sources */ = {isa = PBXBuildFile; fileRef = 3A1BFB221051BD0800FE3E7D /* EVRect.m */; };
		3A1BFB6C1051BF9B00FE3E7D /* EVPoint.m in Sources */ = {isa = PBXBuildFile; fileRef = 3A1BFB6B1051BF9B00FE3E7D /* EVPoint.m */; };
		3A1BFB771051C06C00FE3E7D /* EVSize.m in Sources */ = {isa = PBXBuildFile; fileRef = 3A1BFB761051C06C00FE3E7D /* EVSize.m */; };
		3A4BC26E1051CF9A0080A8E5 /* jquery.js in Resources */ = {isa = PBXBuildFile; fileRef = 3A4BC26A1051CF6F0080A8E5 /* jquery.js */; };
		3A4BEF0D1051095800534481 /* EVApp.m in Sources */ = {isa = PBXBuildFile; fileRef = 3A4BEF0C1051095800534481 /* EVApp.m */; };
		3A4BEF3C10510E0700534481 /* WebKit.framework in Frameworks */ = {isa = PBXBuildFile; fileRef = 3A4BEF3B10510E0700534481 /* WebKit.framework */; };
		3A4BEF4D1051100100534481 /* index.html in Resources */ = {isa = PBXBuildFile; fileRef = 3A4BEF4C1051100100534481 /* index.html */; };
		3A4BEF8410513E6400534481 /* EVWebView.m in Sources */ = {isa = PBXBuildFile; fileRef = 3A4BEF8310513E6400534481 /* EVWebView.m */; };
		3A4BEFA7105141E900534481 /* EVJSBridge.m in Sources */ = {isa = PBXBuildFile; fileRef = 3A4BEFA6105141E900534481 /* EVJSBridge.m */; };
		8D11072B0486CEB800E47090 /* InfoPlist.strings in Resources */ = {isa = PBXBuildFile; fileRef = 089C165CFE840E0CC02AAC07 /* InfoPlist.strings */; };
		8D11072D0486CEB800E47090 /* main.m in Sources */ = {isa = PBXBuildFile; fileRef = 29B97316FDCFA39411CA2CEA /* main.m */; settings = {ATTRIBUTES = (); }; };
		8D11072F0486CEB800E47090 /* Cocoa.framework in Frameworks */ = {isa = PBXBuildFile; fileRef = 1058C7A1FEA54F0111CA2CBB /* Cocoa.framework */; };
/* End PBXBuildFile section */

/* Begin PBXFileReference section */
		089C165DFE840E0CC02AAC07 /* InfoPlist.strings */ = {isa = PBXFileReference; fileEncoding = 10; lastKnownFileType = text.plist.strings; name = InfoPlist.strings; path = resources/English.lproj/InfoPlist.strings; sourceTree = "<group>"; };
		1058C7A1FEA54F0111CA2CBB /* Cocoa.framework */ = {isa = PBXFileReference; lastKnownFileType = wrapper.framework; name = Cocoa.framework; path = /System/Library/Frameworks/Cocoa.framework; sourceTree = "<absolute>"; };
		13E42FB307B3F0F600E4EEF1 /* CoreData.framework */ = {isa = PBXFileReference; lastKnownFileType = wrapper.framework; name = CoreData.framework; path = /System/Library/Frameworks/CoreData.framework; sourceTree = "<absolute>"; };
		1DDD58150DA1D0A300B32029 /* MainMenu.xib */ = {isa = PBXFileReference; lastKnownFileType = file.xib; name = MainMenu.xib; path = resources/English.lproj/MainMenu.xib; sourceTree = "<group>"; };
		29B97316FDCFA39411CA2CEA /* main.m */ = {isa = PBXFileReference; fileEncoding = 4; lastKnownFileType = sourcecode.c.objc; name = main.m; path = src/main.m; sourceTree = "<group>"; };
		29B97324FDCFA39411CA2CEA /* AppKit.framework */ = {isa = PBXFileReference; lastKnownFileType = wrapper.framework; name = AppKit.framework; path = /System/Library/Frameworks/AppKit.framework; sourceTree = "<absolute>"; };
		29B97325FDCFA39411CA2CEA /* Foundation.framework */ = {isa = PBXFileReference; lastKnownFileType = wrapper.framework; name = Foundation.framework; path = /System/Library/Frameworks/Foundation.framework; sourceTree = "<absolute>"; };
		32CA4F630368D1EE00C91783 /* prefix.pch */ = {isa = PBXFileReference; fileEncoding = 4; lastKnownFileType = sourcecode.c.h; name = prefix.pch; path = src/prefix.pch; sourceTree = "<group>"; };
		3A1BFA331051630C00FE3E7D /* jsbridge.h */ = {isa = PBXFileReference; fileEncoding = 4; lastKnownFileType = sourcecode.c.h; name = jsbridge.h; path = src/jsbridge/jsbridge.h; sourceTree = "<group>"; };
		3A1BFA761051654B00FE3E7D /* NSWindow+EVJS.m */ = {isa = PBXFileReference; fileEncoding = 4; lastKnownFileType = sourcecode.c.objc; name = "NSWindow+EVJS.m"; path = "src/jsbridge/NSWindow+EVJS.m"; sourceTree = "<group>"; };
		3A1BFB0710516BCD00FE3E7D /* NSDictionary+EVJS.m */ = {isa = PBXFileReference; fileEncoding = 4; lastKnownFileType = sourcecode.c.objc; name = "NSDictionary+EVJS.m"; path = "src/jsbridge/NSDictionary+EVJS.m"; sourceTree = "<group>"; };
		3A1BFB211051BD0800FE3E7D /* EVRect.h */ = {isa = PBXFileReference; fileEncoding = 4; lastKnownFileType = sourcecode.c.h; name = EVRect.h; path = src/jsbridge/EVRect.h; sourceTree = "<group>"; };
		3A1BFB221051BD0800FE3E7D /* EVRect.m */ = {isa = PBXFileReference; fileEncoding = 4; lastKnownFileType = sourcecode.c.objc; name = EVRect.m; path = src/jsbridge/EVRect.m; sourceTree = "<group>"; };
		3A1BFB6A1051BF9B00FE3E7D /* EVPoint.h */ = {isa = PBXFileReference; fileEncoding = 4; lastKnownFileType = sourcecode.c.h; name = EVPoint.h; path = src/jsbridge/EVPoint.h; sourceTree = "<group>"; };
		3A1BFB6B1051BF9B00FE3E7D /* EVPoint.m */ = {isa = PBXFileReference; fileEncoding = 4; lastKnownFileType = sourcecode.c.objc; name = EVPoint.m; path = src/jsbridge/EVPoint.m; sourceTree = "<group>"; };
		3A1BFB751051C06C00FE3E7D /* EVSize.h */ = {isa = PBXFileReference; fileEncoding = 4; lastKnownFileType = sourcecode.c.h; name = EVSize.h; path = src/jsbridge/EVSize.h; sourceTree = "<group>"; };
		3A1BFB761051C06C00FE3E7D /* EVSize.m */ = {isa = PBXFileReference; fileEncoding = 4; lastKnownFileType = sourcecode.c.objc; name = EVSize.m; path = src/jsbridge/EVSize.m; sourceTree = "<group>"; };
		3A4BC26A1051CF6F0080A8E5 /* jquery.js */ = {isa = PBXFileReference; fileEncoding = 4; lastKnownFileType = sourcecode.javascript; name = jquery.js; path = resources/jquery.js; sourceTree = "<group>"; };
		3A4BEF0B1051095800534481 /* EVApp.h */ = {isa = PBXFileReference; fileEncoding = 4; lastKnownFileType = sourcecode.c.h; name = EVApp.h; path = src/EVApp.h; sourceTree = "<group>"; };
		3A4BEF0C1051095800534481 /* EVApp.m */ = {isa = PBXFileReference; fileEncoding = 4; lastKnownFileType = sourcecode.c.objc; name = EVApp.m; path = src/EVApp.m; sourceTree = "<group>"; };
		3A4BEF3B10510E0700534481 /* WebKit.framework */ = {isa = PBXFileReference; lastKnownFileType = wrapper.framework; name = WebKit.framework; path = /System/Library/Frameworks/WebKit.framework; sourceTree = "<absolute>"; };
		3A4BEF4C1051100100534481 /* index.html */ = {isa = PBXFileReference; fileEncoding = 4; lastKnownFileType = text.html; name = index.html; path = resources/index.html; sourceTree = "<group>"; };
		3A4BEF8210513E6400534481 /* EVWebView.h */ = {isa = PBXFileReference; fileEncoding = 4; lastKnownFileType = sourcecode.c.h; name = EVWebView.h; path = src/EVWebView.h; sourceTree = "<group>"; };
		3A4BEF8310513E6400534481 /* EVWebView.m */ = {isa = PBXFileReference; fileEncoding = 4; lastKnownFileType = sourcecode.c.objc; name = EVWebView.m; path = src/EVWebView.m; sourceTree = "<group>"; };
		3A4BEFA5105141E900534481 /* EVJSBridge.h */ = {isa = PBXFileReference; fileEncoding = 4; lastKnownFileType = sourcecode.c.h; name = EVJSBridge.h; path = src/jsbridge/EVJSBridge.h; sourceTree = "<group>"; };
		3A4BEFA6105141E900534481 /* EVJSBridge.m */ = {isa = PBXFileReference; fileEncoding = 4; lastKnownFileType = sourcecode.c.objc; name = EVJSBridge.m; path = src/jsbridge/EVJSBridge.m; sourceTree = "<group>"; };
		8D1107310486CEB800E47090 /* Info.plist */ = {isa = PBXFileReference; fileEncoding = 4; lastKnownFileType = text.plist.xml; name = Info.plist; path = resources/Info.plist; sourceTree = "<group>"; };
		8D1107320486CEB800E47090 /* Cocui.app */ = {isa = PBXFileReference; explicitFileType = wrapper.application; includeInIndex = 0; path = Cocui.app; sourceTree = BUILT_PRODUCTS_DIR; };
/* End PBXFileReference section */

/* Begin PBXFrameworksBuildPhase section */
		8D11072E0486CEB800E47090 /* Frameworks */ = {
			isa = PBXFrameworksBuildPhase;
			buildActionMask = 2147483647;
			files = (
				8D11072F0486CEB800E47090 /* Cocoa.framework in Frameworks */,
				3A4BEF3C10510E0700534481 /* WebKit.framework in Frameworks */,
			);
			runOnlyForDeploymentPostprocessing = 0;
		};
/* End PBXFrameworksBuildPhase section */

/* Begin PBXGroup section */
		080E96DDFE201D6D7F000001 /* Classes */ = {
			isa = PBXGroup;
			children = (
				3A4BEF0B1051095800534481 /* EVApp.h */,
				3A4BEF0C1051095800534481 /* EVApp.m */,
				3A4BEF8210513E6400534481 /* EVWebView.h */,
				3A4BEF8310513E6400534481 /* EVWebView.m */,
				3A1BFB241051BD0F00FE3E7D /* js-bridge */,
			);
			name = Classes;
			sourceTree = "<group>";
		};
		1058C7A0FEA54F0111CA2CBB /* Linked Frameworks */ = {
			isa = PBXGroup;
			children = (
				3A4BEF3B10510E0700534481 /* WebKit.framework */,
				1058C7A1FEA54F0111CA2CBB /* Cocoa.framework */,
			);
			name = "Linked Frameworks";
			sourceTree = "<group>";
		};
		1058C7A2FEA54F0111CA2CBB /* Other Frameworks */ = {
			isa = PBXGroup;
			children = (
				29B97324FDCFA39411CA2CEA /* AppKit.framework */,
				13E42FB307B3F0F600E4EEF1 /* CoreData.framework */,
				29B97325FDCFA39411CA2CEA /* Foundation.framework */,
			);
			name = "Other Frameworks";
			sourceTree = "<group>";
		};
		19C28FACFE9D520D11CA2CBB /* Products */ = {
			isa = PBXGroup;
			children = (
				8D1107320486CEB800E47090 /* Cocui.app */,
			);
			name = Products;
			sourceTree = "<group>";
		};
		29B97314FDCFA39411CA2CEA /* Events */ = {
			isa = PBXGroup;
			children = (
				080E96DDFE201D6D7F000001 /* Classes */,
				29B97315FDCFA39411CA2CEA /* Other Sources */,
				29B97317FDCFA39411CA2CEA /* Resources */,
				29B97323FDCFA39411CA2CEA /* Frameworks */,
				19C28FACFE9D520D11CA2CBB /* Products */,
			);
			name = Events;
			sourceTree = "<group>";
		};
		29B97315FDCFA39411CA2CEA /* Other Sources */ = {
			isa = PBXGroup;
			children = (
				32CA4F630368D1EE00C91783 /* prefix.pch */,
				29B97316FDCFA39411CA2CEA /* main.m */,
			);
			name = "Other Sources";
			sourceTree = "<group>";
		};
		29B97317FDCFA39411CA2CEA /* Resources */ = {
			isa = PBXGroup;
			children = (
				3A4BEF4C1051100100534481 /* index.html */,
				3A4BC26A1051CF6F0080A8E5 /* jquery.js */,
				8D1107310486CEB800E47090 /* Info.plist */,
				089C165CFE840E0CC02AAC07 /* InfoPlist.strings */,
				1DDD58140DA1D0A300B32029 /* MainMenu.xib */,
			);
			name = Resources;
			sourceTree = "<group>";
		};
		29B97323FDCFA39411CA2CEA /* Frameworks */ = {
			isa = PBXGroup;
			children = (
				1058C7A0FEA54F0111CA2CBB /* Linked Frameworks */,
				1058C7A2FEA54F0111CA2CBB /* Other Frameworks */,
			);
			name = Frameworks;
			sourceTree = "<group>";
		};
		3A1BFB241051BD0F00FE3E7D /* js-bridge */ = {
			isa = PBXGroup;
			children = (
				3A1BFA331051630C00FE3E7D /* jsbridge.h */,
				3A1BFA761051654B00FE3E7D /* NSWindow+EVJS.m */,
				3A1BFB0710516BCD00FE3E7D /* NSDictionary+EVJS.m */,
				3A4BEFA5105141E900534481 /* EVJSBridge.h */,
				3A4BEFA6105141E900534481 /* EVJSBridge.m */,
				3A1BFB6A1051BF9B00FE3E7D /* EVPoint.h */,
				3A1BFB6B1051BF9B00FE3E7D /* EVPoint.m */,
				3A1BFB751051C06C00FE3E7D /* EVSize.h */,
				3A1BFB761051C06C00FE3E7D /* EVSize.m */,
				3A1BFB211051BD0800FE3E7D /* EVRect.h */,
				3A1BFB221051BD0800FE3E7D /* EVRect.m */,
			);
			name = "js-bridge";
			sourceTree = "<group>";
		};
/* End PBXGroup section */

/* Begin PBXNativeTarget section */
		8D1107260486CEB800E47090 /* Cocui */ = {
			isa = PBXNativeTarget;
			buildConfigurationList = C01FCF4A08A954540054247B /* Build configuration list for PBXNativeTarget "Cocui" */;
			buildPhases = (
				8D1107290486CEB800E47090 /* Resources */,
				8D11072C0486CEB800E47090 /* Sources */,
				8D11072E0486CEB800E47090 /* Frameworks */,
			);
			buildRules = (
			);
			dependencies = (
			);
			name = Cocui;
			productInstallPath = "$(HOME)/Applications";
			productName = Events;
			productReference = 8D1107320486CEB800E47090 /* Cocui.app */;
			productType = "com.apple.product-type.application";
		};
/* End PBXNativeTarget section */

/* Begin PBXProject section */
		29B97313FDCFA39411CA2CEA /* Project object */ = {
			isa = PBXProject;
			buildConfigurationList = C01FCF4E08A954540054247B /* Build configuration list for PBXProject "cocui" */;
			compatibilityVersion = "Xcode 3.1";
			hasScannedForEncodings = 1;
			mainGroup = 29B97314FDCFA39411CA2CEA /* Events */;
			projectDirPath = "";
			projectRoot = "";
			targets = (
				8D1107260486CEB800E47090 /* Cocui */,
			);
		};
/* End PBXProject section */

/* Begin PBXResourcesBuildPhase section */
		8D1107290486CEB800E47090 /* Resources */ = {
			isa = PBXResourcesBuildPhase;
			buildActionMask = 2147483647;
			files = (
				3A4BC26E1051CF9A0080A8E5 /* jquery.js in Resources */,
				8D11072B0486CEB800E47090 /* InfoPlist.strings in Resources */,
				1DDD58160DA1D0A300B32029 /* MainMenu.xib in Resources */,
				3A4BEF4D1051100100534481 /* index.html in Resources */,
			);
			runOnlyForDeploymentPostprocessing = 0;
		};
/* End PBXResourcesBuildPhase section */

/* Begin PBXSourcesBuildPhase section */
		8D11072C0486CEB800E47090 /* Sources */ = {
			isa = PBXSourcesBuildPhase;
			buildActionMask = 2147483647;
			files = (
				8D11072D0486CEB800E47090 /* main.m in Sources */,
				3A4BEF0D1051095800534481 /* EVApp.m in Sources */,
				3A4BEF8410513E6400534481 /* EVWebView.m in Sources */,
				3A4BEFA7105141E900534481 /* EVJSBridge.m in Sources */,
				3A1BFA771051654B00FE3E7D /* NSWindow+EVJS.m in Sources */,
				3A1BFB0810516BCD00FE3E7D /* NSDictionary+EVJS.m in Sources */,
				3A1BFB231051BD0800FE3E7D /* EVRect.m in Sources */,
				3A1BFB6C1051BF9B00FE3E7D /* EVPoint.m in Sources */,
				3A1BFB771051C06C00FE3E7D /* EVSize.m in Sources */,
			);
			runOnlyForDeploymentPostprocessing = 0;
		};
/* End PBXSourcesBuildPhase section */

/* Begin PBXVariantGroup section */
		089C165CFE840E0CC02AAC07 /* InfoPlist.strings */ = {
			isa = PBXVariantGroup;
			children = (
				089C165DFE840E0CC02AAC07 /* InfoPlist.strings */,
			);
			name = InfoPlist.strings;
			sourceTree = "<group>";
		};
		1DDD58140DA1D0A300B32029 /* MainMenu.xib */ = {
			isa = PBXVariantGroup;
			children = (
				1DDD58150DA1D0A300B32029 /* MainMenu.xib */,
			);
			name = MainMenu.xib;
			sourceTree = "<group>";
		};
/* End PBXVariantGroup section */

/* Begin XCBuildConfiguration section */
		C01FCF4B08A954540054247B /* Debug */ = {
			isa = XCBuildConfiguration;
			buildSettings = {
				ALWAYS_SEARCH_USER_PATHS = NO;
				COPY_PHASE_STRIP = NO;
				GCC_DYNAMIC_NO_PIC = NO;
				GCC_ENABLE_FIX_AND_CONTINUE = YES;
				GCC_ENABLE_OBJC_GC = required;
				GCC_MODEL_TUNING = G5;
				GCC_OPTIMIZATION_LEVEL = 0;
				GCC_PRECOMPILE_PREFIX_HEADER = YES;
				GCC_PREFIX_HEADER = src/prefix.pch;
				GCC_PREPROCESSOR_DEFINITIONS = "DEBUG=2";
				GCC_VERSION = com.apple.compilers.llvmgcc42;
				INFOPLIST_FILE = resources/Info.plist;
				INSTALL_PATH = "$(HOME)/Applications";
				PRODUCT_NAME = Cocui;
			};
			name = Debug;
		};
		C01FCF4C08A954540054247B /* Release */ = {
			isa = XCBuildConfiguration;
			buildSettings = {
				ALWAYS_SEARCH_USER_PATHS = NO;
				DEBUG_INFORMATION_FORMAT = "dwarf-with-dsym";
				GCC_ENABLE_OBJC_GC = required;
				GCC_MODEL_TUNING = G5;
				GCC_PRECOMPILE_PREFIX_HEADER = YES;
				GCC_PREFIX_HEADER = src/prefix.pch;
				GCC_VERSION = com.apple.compilers.llvmgcc42;
				INFOPLIST_FILE = resources/Info.plist;
				INSTALL_PATH = "$(HOME)/Applications";
				PRODUCT_NAME = Cocui;
			};
			name = Release;
		};
		C01FCF4F08A954540054247B /* Debug */ = {
			isa = XCBuildConfiguration;
			buildSettings = {
				ARCHS = "$(ARCHS_STANDARD_32_BIT)";
				GCC_C_LANGUAGE_STANDARD = c99;
				GCC_OPTIMIZATION_LEVEL = 0;
				GCC_WARN_ABOUT_RETURN_TYPE = YES;
				GCC_WARN_UNUSED_VARIABLE = YES;
				ONLY_ACTIVE_ARCH = YES;
				PREBINDING = NO;
				SDKROOT = macosx10.5;
			};
			name = Debug;
		};
		C01FCF5008A954540054247B /* Release */ = {
			isa = XCBuildConfiguration;
			buildSettings = {
				ARCHS = "$(ARCHS_STANDARD_32_BIT)";
				GCC_C_LANGUAGE_STANDARD = c99;
				GCC_WARN_ABOUT_RETURN_TYPE = YES;
				GCC_WARN_UNUSED_VARIABLE = YES;
				PREBINDING = NO;
				SDKROOT = macosx10.5;
			};
			name = Release;
		};
/* End XCBuildConfiguration section */

/* Begin XCConfigurationList section */
		C01FCF4A08A954540054247B /* Build configuration list for PBXNativeTarget "Cocui" */ = {
			isa = XCConfigurationList;
			buildConfigurations = (
				C01FCF4B08A954540054247B /* Debug */,
				C01FCF4C08A954540054247B /* Release */,
			);
			defaultConfigurationIsVisible = 0;
			defaultConfigurationName = Release;
		};
		C01FCF4E08A954540054247B /* Build configuration list for PBXProject "cocui" */ = {
			isa = XCConfigurationList;
			buildConfigurations = (
				C01FCF4F08A954540054247B /* Debug */,
				C01FCF5008A954540054247B /* Release */,
			);
			defaultConfigurationIsVisible = 0;
			defaultConfigurationName = Release;
		};
/* End XCConfigurationList section */
	};
	rootObject = 29B97313FDCFA39411CA2CEA /* Project object */;
}
